
Microsoft Visual Studio Solution File, Format Version 12.00
# Visual Studio Version 16
VisualStudioVersion = 16.0.30011.22
MinimumVisualStudioVersion = 10.0.40219.1
Project("{888888A0-9F3D-457C-B088-3A5042F75D52}") = "stock-and-option-price-scraper", "stock-and-option-price-scraper.pyproj", "{DBAAEC57-E4A8-402E-B765-5510A38C4FA7}"
EndProject
Global
	GlobalSection(SolutionConfigurationPlatforms) = preSolution
		Debug|Any CPU = Debug|Any CPU
		Release|Any CPU = Release|Any CPU
	EndGlobalSection
	GlobalSection(ProjectConfigurationPlatforms) = postSolution
		{DBAAEC57-E4A8-402E-B765-5510A38C4FA7}.Debug|Any CPU.ActiveCfg = Debug|Any CPU
		{DBAAEC57-E4A8-402E-B765-5510A38C4FA7}.Release|Any CPU.ActiveCfg = Release|Any CPU
	EndGlobalSection
	GlobalSection(SolutionProperties) = preSolution
		HideSolutionNode = FALSE
	EndGlobalSection
	GlobalSection(ExtensibilityGlobals) = postSolution
		SolutionGuid = {29B0CAF0-58E8-49EE-BF79-1A7A7C8CA94A}
	EndGlobalSection
EndGlobal
